{
  "version": 4,
  "terraform_version": "1.4.5",
  "serial": 31,
  "lineage": "12d8980a-1180-dbaf-44d8-7973158d6ba8",
  "outputs": {},
  "resources": [
    {
      "mode": "managed",
      "type": "local_file",
      "name": "cat",
      "provider": "provider[\"registry.terraform.io/hashicorp/local\"]",
      "instances": [
        {
          "schema_version": 0,
          "attributes": {
            "content": "Bonis",
            "content_base64": null,
            "content_base64sha256": "UYraZsEn94Qo1Ur8PTq3C2hKKn9uSxFShi0c0lGOKps=",
            "content_base64sha512": "hM7kWWcXvyz8+thRmJG/TPkmgQ4FhKEn/0FGWp5RHd6QzeMaPHIEQLWzt//9kosTNs37Qp3OKftRXNvMdM1hvA==",
            "content_md5": "a41e3ff02e45b843f2f770b832efae18",
            "content_sha1": "9ec282f0c350c481003e89ad26c11aae46316168",
            "content_sha256": "518ada66c127f78428d54afc3d3ab70b684a2a7f6e4b1152862d1cd2518e2a9b",
            "content_sha512": "84cee4596717bf2cfcfad8519891bf4cf926810e0584a127ff41465a9e511dde90cde31a3c720440b5b3b7fffd928b1336cdfb429dce29fb515cdbcc74cd61bc",
            "directory_permission": "0777",
            "file_permission": "0777",
            "filename": "/root/cat.txt",
            "id": "9ec282f0c350c481003e89ad26c11aae46316168",
            "sensitive_content": null,
            "source": null
          },
          "sensitive_attributes": []
        }
      ]
    },
    {
      "mode": "managed",
      "type": "local_file",
      "name": "pet",
      "provider": "provider[\"registry.terraform.io/hashicorp/local\"]",
      "instances": [
        {
          "schema_version": 0,
          "attributes": {
            "content": "Pets!",
            "content_base64": null,
            "content_base64sha256": "kEMGe1PofmteMwupcO/pXbmDhz6Ku94WOUnr4XFoLT0=",
            "content_base64sha512": "UGxiWIep3lsz9dMyq3ClkBKwVnk7770zBcK30YVp75xtXU//qtutUWkd0KiIocD0H+rJ6+z12gmCTIrroRgTqQ==",
            "content_md5": "bf0d33cc484f5454e1e8655087f31088",
            "content_sha1": "d0fee9ccf0d7bdded8d5da0b2ca65b931cfc0a1c",
            "content_sha256": "9043067b53e87e6b5e330ba970efe95db983873e8abbde163949ebe171682d3d",
            "content_sha512": "506c625887a9de5b33f5d332ab70a59012b056793befbd3305c2b7d18569ef9c6d5d4fffaadbad51691dd0a888a1c0f41feac9ebecf5da09824c8aeba11813a9",
            "directory_permission": "0777",
            "file_permission": "0700",
            "filename": "/root/pet.txt",
            "id": "d0fee9ccf0d7bdded8d5da0b2ca65b931cfc0a1c",
            "sensitive_content": null,
            "source": null
          },
          "sensitive_attributes": []
        }
      ]
    }
  ],
  "check_results": null
}
